
Microsoft Visual Studio Solution File, Format Version 12.00
# Visual Studio 14
VisualStudioVersion = 14.0.25420.1
MinimumVisualStudioVersion = 10.0.40219.1
Project("{FAE04EC0-301F-11D3-BF4B-00C04F79EFBC}") = "01简单工厂", "01简单工厂\01简单工厂.csproj", "{8C9DA3A3-3FE9-4CCA-B03E-20A33F6F96EB}"
EndProject
Project("{FAE04EC0-301F-11D3-BF4B-00C04F79EFBC}") = "02策略模式", "02策略模式\02策略模式.csproj", "{F08B3F2D-834B-44FF-B0BC-DEAD4A5F7D90}"
EndProject
Project("{FAE04EC0-301F-11D3-BF4B-00C04F79EFBC}") = "03装饰模式", "03装饰模式\03装饰模式.csproj", "{167EED0E-44F1-4ACB-B081-25BB4681F0E0}"
EndProject
Project("{FAE04EC0-301F-11D3-BF4B-00C04F79EFBC}") = "04代理模式", "04代理模式\04代理模式.csproj", "{F6AA355F-15B5-4C18-B045-8415EE9DD063}"
EndProject
Project("{FAE04EC0-301F-11D3-BF4B-00C04F79EFBC}") = "05工厂方法", "05工厂方法\05工厂方法.csproj", "{7A73F307-0F15-45B3-BD47-A1C7F6582EDF}"
EndProject
Project("{FAE04EC0-301F-11D3-BF4B-00C04F79EFBC}") = "06原型模式", "06原型模式\06原型模式.csproj", "{F04950EE-3C51-4563-9D31-8F699AF5CFB7}"
EndProject
Project("{FAE04EC0-301F-11D3-BF4B-00C04F79EFBC}") = "07模板方法", "07模板方法\07模板方法.csproj", "{F1774F68-AE97-490E-8D90-A3E89F9C2773}"
EndProject
Project("{FAE04EC0-301F-11D3-BF4B-00C04F79EFBC}") = "08外观模式", "08外观模式\08外观模式.csproj", "{6E0909ED-2594-48CC-B3FA-699DEF54DBA6}"
EndProject
Global
	GlobalSection(SolutionConfigurationPlatforms) = preSolution
		Debug|Any CPU = Debug|Any CPU
		Release|Any CPU = Release|Any CPU
	EndGlobalSection
	GlobalSection(ProjectConfigurationPlatforms) = postSolution
		{8C9DA3A3-3FE9-4CCA-B03E-20A33F6F96EB}.Debug|Any CPU.ActiveCfg = Debug|Any CPU
		{8C9DA3A3-3FE9-4CCA-B03E-20A33F6F96EB}.Debug|Any CPU.Build.0 = Debug|Any CPU
		{8C9DA3A3-3FE9-4CCA-B03E-20A33F6F96EB}.Release|Any CPU.ActiveCfg = Release|Any CPU
		{8C9DA3A3-3FE9-4CCA-B03E-20A33F6F96EB}.Release|Any CPU.Build.0 = Release|Any CPU
		{F08B3F2D-834B-44FF-B0BC-DEAD4A5F7D90}.Debug|Any CPU.ActiveCfg = Debug|Any CPU
		{F08B3F2D-834B-44FF-B0BC-DEAD4A5F7D90}.Debug|Any CPU.Build.0 = Debug|Any CPU
		{F08B3F2D-834B-44FF-B0BC-DEAD4A5F7D90}.Release|Any CPU.ActiveCfg = Release|Any CPU
		{F08B3F2D-834B-44FF-B0BC-DEAD4A5F7D90}.Release|Any CPU.Build.0 = Release|Any CPU
		{167EED0E-44F1-4ACB-B081-25BB4681F0E0}.Debug|Any CPU.ActiveCfg = Debug|Any CPU
		{167EED0E-44F1-4ACB-B081-25BB4681F0E0}.Debug|Any CPU.Build.0 = Debug|Any CPU
		{167EED0E-44F1-4ACB-B081-25BB4681F0E0}.Release|Any CPU.ActiveCfg = Release|Any CPU
		{167EED0E-44F1-4ACB-B081-25BB4681F0E0}.Release|Any CPU.Build.0 = Release|Any CPU
		{F6AA355F-15B5-4C18-B045-8415EE9DD063}.Debug|Any CPU.ActiveCfg = Debug|Any CPU
		{F6AA355F-15B5-4C18-B045-8415EE9DD063}.Debug|Any CPU.Build.0 = Debug|Any CPU
		{F6AA355F-15B5-4C18-B045-8415EE9DD063}.Release|Any CPU.ActiveCfg = Release|Any CPU
		{F6AA355F-15B5-4C18-B045-8415EE9DD063}.Release|Any CPU.Build.0 = Release|Any CPU
		{7A73F307-0F15-45B3-BD47-A1C7F6582EDF}.Debug|Any CPU.ActiveCfg = Debug|Any CPU
		{7A73F307-0F15-45B3-BD47-A1C7F6582EDF}.Debug|Any CPU.Build.0 = Debug|Any CPU
		{7A73F307-0F15-45B3-BD47-A1C7F6582EDF}.Release|Any CPU.ActiveCfg = Release|Any CPU
		{7A73F307-0F15-45B3-BD47-A1C7F6582EDF}.Release|Any CPU.Build.0 = Release|Any CPU
		{F04950EE-3C51-4563-9D31-8F699AF5CFB7}.Debug|Any CPU.ActiveCfg = Debug|Any CPU
		{F04950EE-3C51-4563-9D31-8F699AF5CFB7}.Debug|Any CPU.Build.0 = Debug|Any CPU
		{F04950EE-3C51-4563-9D31-8F699AF5CFB7}.Release|Any CPU.ActiveCfg = Release|Any CPU
		{F04950EE-3C51-4563-9D31-8F699AF5CFB7}.Release|Any CPU.Build.0 = Release|Any CPU
		{F1774F68-AE97-490E-8D90-A3E89F9C2773}.Debug|Any CPU.ActiveCfg = Debug|Any CPU
		{F1774F68-AE97-490E-8D90-A3E89F9C2773}.Debug|Any CPU.Build.0 = Debug|Any CPU
		{F1774F68-AE97-490E-8D90-A3E89F9C2773}.Release|Any CPU.ActiveCfg = Release|Any CPU
		{F1774F68-AE97-490E-8D90-A3E89F9C2773}.Release|Any CPU.Build.0 = Release|Any CPU
		{6E0909ED-2594-48CC-B3FA-699DEF54DBA6}.Debug|Any CPU.ActiveCfg = Debug|Any CPU
		{6E0909ED-2594-48CC-B3FA-699DEF54DBA6}.Debug|Any CPU.Build.0 = Debug|Any CPU
		{6E0909ED-2594-48CC-B3FA-699DEF54DBA6}.Release|Any CPU.ActiveCfg = Release|Any CPU
		{6E0909ED-2594-48CC-B3FA-699DEF54DBA6}.Release|Any CPU.Build.0 = Release|Any CPU
	EndGlobalSection
	GlobalSection(SolutionProperties) = preSolution
		HideSolutionNode = FALSE
	EndGlobalSection
EndGlobal
