
Microsoft Visual Studio Solution File, Format Version 12.00
# Visual Studio 14
VisualStudioVersion = 14.0.25420.1
MinimumVisualStudioVersion = 10.0.40219.1
Project("{FAE04EC0-301F-11D3-BF4B-00C04F79EFBC}") = "01简单工厂", "01简单工厂\01简单工厂.csproj", "{8C9DA3A3-3FE9-4CCA-B03E-20A33F6F96EB}"
EndProject
Project("{FAE04EC0-301F-11D3-BF4B-00C04F79EFBC}") = "02策略模式", "02策略模式\02策略模式.csproj", "{F08B3F2D-834B-44FF-B0BC-DEAD4A5F7D90}"
EndProject
Global
	GlobalSection(SolutionConfigurationPlatforms) = preSolution
		Debug|Any CPU = Debug|Any CPU
		Release|Any CPU = Release|Any CPU
	EndGlobalSection
	GlobalSection(ProjectConfigurationPlatforms) = postSolution
		{8C9DA3A3-3FE9-4CCA-B03E-20A33F6F96EB}.Debug|Any CPU.ActiveCfg = Debug|Any CPU
		{8C9DA3A3-3FE9-4CCA-B03E-20A33F6F96EB}.Debug|Any CPU.Build.0 = Debug|Any CPU
		{8C9DA3A3-3FE9-4CCA-B03E-20A33F6F96EB}.Release|Any CPU.ActiveCfg = Release|Any CPU
		{8C9DA3A3-3FE9-4CCA-B03E-20A33F6F96EB}.Release|Any CPU.Build.0 = Release|Any CPU
		{F08B3F2D-834B-44FF-B0BC-DEAD4A5F7D90}.Debug|Any CPU.ActiveCfg = Debug|Any CPU
		{F08B3F2D-834B-44FF-B0BC-DEAD4A5F7D90}.Debug|Any CPU.Build.0 = Debug|Any CPU
		{F08B3F2D-834B-44FF-B0BC-DEAD4A5F7D90}.Release|Any CPU.ActiveCfg = Release|Any CPU
		{F08B3F2D-834B-44FF-B0BC-DEAD4A5F7D90}.Release|Any CPU.Build.0 = Release|Any CPU
	EndGlobalSection
	GlobalSection(SolutionProperties) = preSolution
		HideSolutionNode = FALSE
	EndGlobalSection
EndGlobal
