
Microsoft Visual Studio Solution File, Format Version 12.00
# Visual Studio 14
VisualStudioVersion = 14.0.25420.1
MinimumVisualStudioVersion = 10.0.40219.1
Project("{FAE04EC0-301F-11D3-BF4B-00C04F79EFBC}") = "01简单工厂", "01简单工厂\01简单工厂.csproj", "{8C9DA3A3-3FE9-4CCA-B03E-20A33F6F96EB}"
EndProject
Project("{FAE04EC0-301F-11D3-BF4B-00C04F79EFBC}") = "02策略模式", "02策略模式\02策略模式.csproj", "{F08B3F2D-834B-44FF-B0BC-DEAD4A5F7D90}"
EndProject
Project("{FAE04EC0-301F-11D3-BF4B-00C04F79EFBC}") = "03装饰模式", "03装饰模式\03装饰模式.csproj", "{167EED0E-44F1-4ACB-B081-25BB4681F0E0}"
EndProject
Project("{FAE04EC0-301F-11D3-BF4B-00C04F79EFBC}") = "04代理模式", "04代理模式\04代理模式.csproj", "{F6AA355F-15B5-4C18-B045-8415EE9DD063}"
EndProject
Project("{FAE04EC0-301F-11D3-BF4B-00C04F79EFBC}") = "05工厂方法", "05工厂方法\05工厂方法.csproj", "{7A73F307-0F15-45B3-BD47-A1C7F6582EDF}"
EndProject
Project("{FAE04EC0-301F-11D3-BF4B-00C04F79EFBC}") = "06原型模式", "06原型模式\06原型模式.csproj", "{F04950EE-3C51-4563-9D31-8F699AF5CFB7}"
EndProject
Project("{FAE04EC0-301F-11D3-BF4B-00C04F79EFBC}") = "07模板方法", "07模板方法\07模板方法.csproj", "{F1774F68-AE97-490E-8D90-A3E89F9C2773}"
EndProject
Project("{FAE04EC0-301F-11D3-BF4B-00C04F79EFBC}") = "08外观模式", "08外观模式\08外观模式.csproj", "{6E0909ED-2594-48CC-B3FA-699DEF54DBA6}"
EndProject
Project("{FAE04EC0-301F-11D3-BF4B-00C04F79EFBC}") = "09建造者模式", "09建造者模式\09建造者模式.csproj", "{D8D8538B-43FC-49DC-89FB-DEA46C48FBC4}"
EndProject
Project("{FAE04EC0-301F-11D3-BF4B-00C04F79EFBC}") = "10观察者模式", "10观察者模式\10观察者模式.csproj", "{DAF40EFB-788E-48F5-A33F-864E9F6B67A3}"
EndProject
Project("{FAE04EC0-301F-11D3-BF4B-00C04F79EFBC}") = "11状态模式", "11状态模式\11状态模式.csproj", "{CAF7B025-17ED-4DFB-9D57-57710DDA798D}"
EndProject
Project("{FAE04EC0-301F-11D3-BF4B-00C04F79EFBC}") = "12适配器模式", "12适配器模式\12适配器模式.csproj", "{80FD0D07-69E9-47CD-9C9E-0F66FCC3737A}"
EndProject
Project("{FAE04EC0-301F-11D3-BF4B-00C04F79EFBC}") = "13备忘录模式", "13备忘录模式\13备忘录模式.csproj", "{DE056518-297C-4C37-8547-6F9420E2F866}"
EndProject
Project("{FAE04EC0-301F-11D3-BF4B-00C04F79EFBC}") = "14组合模式", "14组合模式\14组合模式.csproj", "{E12C7245-56BB-46FA-A798-3422325C36E6}"
EndProject
Project("{FAE04EC0-301F-11D3-BF4B-00C04F79EFBC}") = "15迭代器模式", "15迭代器模式\15迭代器模式.csproj", "{D5103BF5-64A0-49B5-BF86-F26754BCAA0B}"
EndProject
Project("{FAE04EC0-301F-11D3-BF4B-00C04F79EFBC}") = "16单例模式", "16单例模式\16单例模式.csproj", "{F2F7F52B-BE71-41FF-8669-4D114753A5D0}"
EndProject
Project("{FAE04EC0-301F-11D3-BF4B-00C04F79EFBC}") = "17桥接模式", "17桥接模式\17桥接模式.csproj", "{D4519ABE-1396-42C2-93F3-D2CFF300B2D3}"
EndProject
Project("{FAE04EC0-301F-11D3-BF4B-00C04F79EFBC}") = "18命令模式", "18命令模式\18命令模式.csproj", "{DBE2D836-9C12-415A-8C21-95EEA27560EE}"
EndProject
Project("{FAE04EC0-301F-11D3-BF4B-00C04F79EFBC}") = "19职责链模式", "19职责链模式\19职责链模式.csproj", "{5FDADF14-C2DA-45B3-AF5C-60DD05D2A31F}"
EndProject
Global
	GlobalSection(SolutionConfigurationPlatforms) = preSolution
		Debug|Any CPU = Debug|Any CPU
		Release|Any CPU = Release|Any CPU
	EndGlobalSection
	GlobalSection(ProjectConfigurationPlatforms) = postSolution
		{8C9DA3A3-3FE9-4CCA-B03E-20A33F6F96EB}.Debug|Any CPU.ActiveCfg = Debug|Any CPU
		{8C9DA3A3-3FE9-4CCA-B03E-20A33F6F96EB}.Debug|Any CPU.Build.0 = Debug|Any CPU
		{8C9DA3A3-3FE9-4CCA-B03E-20A33F6F96EB}.Release|Any CPU.ActiveCfg = Release|Any CPU
		{8C9DA3A3-3FE9-4CCA-B03E-20A33F6F96EB}.Release|Any CPU.Build.0 = Release|Any CPU
		{F08B3F2D-834B-44FF-B0BC-DEAD4A5F7D90}.Debug|Any CPU.ActiveCfg = Debug|Any CPU
		{F08B3F2D-834B-44FF-B0BC-DEAD4A5F7D90}.Debug|Any CPU.Build.0 = Debug|Any CPU
		{F08B3F2D-834B-44FF-B0BC-DEAD4A5F7D90}.Release|Any CPU.ActiveCfg = Release|Any CPU
		{F08B3F2D-834B-44FF-B0BC-DEAD4A5F7D90}.Release|Any CPU.Build.0 = Release|Any CPU
		{167EED0E-44F1-4ACB-B081-25BB4681F0E0}.Debug|Any CPU.ActiveCfg = Debug|Any CPU
		{167EED0E-44F1-4ACB-B081-25BB4681F0E0}.Debug|Any CPU.Build.0 = Debug|Any CPU
		{167EED0E-44F1-4ACB-B081-25BB4681F0E0}.Release|Any CPU.ActiveCfg = Release|Any CPU
		{167EED0E-44F1-4ACB-B081-25BB4681F0E0}.Release|Any CPU.Build.0 = Release|Any CPU
		{F6AA355F-15B5-4C18-B045-8415EE9DD063}.Debug|Any CPU.ActiveCfg = Debug|Any CPU
		{F6AA355F-15B5-4C18-B045-8415EE9DD063}.Debug|Any CPU.Build.0 = Debug|Any CPU
		{F6AA355F-15B5-4C18-B045-8415EE9DD063}.Release|Any CPU.ActiveCfg = Release|Any CPU
		{F6AA355F-15B5-4C18-B045-8415EE9DD063}.Release|Any CPU.Build.0 = Release|Any CPU
		{7A73F307-0F15-45B3-BD47-A1C7F6582EDF}.Debug|Any CPU.ActiveCfg = Debug|Any CPU
		{7A73F307-0F15-45B3-BD47-A1C7F6582EDF}.Debug|Any CPU.Build.0 = Debug|Any CPU
		{7A73F307-0F15-45B3-BD47-A1C7F6582EDF}.Release|Any CPU.ActiveCfg = Release|Any CPU
		{7A73F307-0F15-45B3-BD47-A1C7F6582EDF}.Release|Any CPU.Build.0 = Release|Any CPU
		{F04950EE-3C51-4563-9D31-8F699AF5CFB7}.Debug|Any CPU.ActiveCfg = Debug|Any CPU
		{F04950EE-3C51-4563-9D31-8F699AF5CFB7}.Debug|Any CPU.Build.0 = Debug|Any CPU
		{F04950EE-3C51-4563-9D31-8F699AF5CFB7}.Release|Any CPU.ActiveCfg = Release|Any CPU
		{F04950EE-3C51-4563-9D31-8F699AF5CFB7}.Release|Any CPU.Build.0 = Release|Any CPU
		{F1774F68-AE97-490E-8D90-A3E89F9C2773}.Debug|Any CPU.ActiveCfg = Debug|Any CPU
		{F1774F68-AE97-490E-8D90-A3E89F9C2773}.Debug|Any CPU.Build.0 = Debug|Any CPU
		{F1774F68-AE97-490E-8D90-A3E89F9C2773}.Release|Any CPU.ActiveCfg = Release|Any CPU
		{F1774F68-AE97-490E-8D90-A3E89F9C2773}.Release|Any CPU.Build.0 = Release|Any CPU
		{6E0909ED-2594-48CC-B3FA-699DEF54DBA6}.Debug|Any CPU.ActiveCfg = Debug|Any CPU
		{6E0909ED-2594-48CC-B3FA-699DEF54DBA6}.Debug|Any CPU.Build.0 = Debug|Any CPU
		{6E0909ED-2594-48CC-B3FA-699DEF54DBA6}.Release|Any CPU.ActiveCfg = Release|Any CPU
		{6E0909ED-2594-48CC-B3FA-699DEF54DBA6}.Release|Any CPU.Build.0 = Release|Any CPU
		{D8D8538B-43FC-49DC-89FB-DEA46C48FBC4}.Debug|Any CPU.ActiveCfg = Debug|Any CPU
		{D8D8538B-43FC-49DC-89FB-DEA46C48FBC4}.Debug|Any CPU.Build.0 = Debug|Any CPU
		{D8D8538B-43FC-49DC-89FB-DEA46C48FBC4}.Release|Any CPU.ActiveCfg = Release|Any CPU
		{D8D8538B-43FC-49DC-89FB-DEA46C48FBC4}.Release|Any CPU.Build.0 = Release|Any CPU
		{DAF40EFB-788E-48F5-A33F-864E9F6B67A3}.Debug|Any CPU.ActiveCfg = Debug|Any CPU
		{DAF40EFB-788E-48F5-A33F-864E9F6B67A3}.Debug|Any CPU.Build.0 = Debug|Any CPU
		{DAF40EFB-788E-48F5-A33F-864E9F6B67A3}.Release|Any CPU.ActiveCfg = Release|Any CPU
		{DAF40EFB-788E-48F5-A33F-864E9F6B67A3}.Release|Any CPU.Build.0 = Release|Any CPU
		{CAF7B025-17ED-4DFB-9D57-57710DDA798D}.Debug|Any CPU.ActiveCfg = Debug|Any CPU
		{CAF7B025-17ED-4DFB-9D57-57710DDA798D}.Debug|Any CPU.Build.0 = Debug|Any CPU
		{CAF7B025-17ED-4DFB-9D57-57710DDA798D}.Release|Any CPU.ActiveCfg = Release|Any CPU
		{CAF7B025-17ED-4DFB-9D57-57710DDA798D}.Release|Any CPU.Build.0 = Release|Any CPU
		{80FD0D07-69E9-47CD-9C9E-0F66FCC3737A}.Debug|Any CPU.ActiveCfg = Debug|Any CPU
		{80FD0D07-69E9-47CD-9C9E-0F66FCC3737A}.Debug|Any CPU.Build.0 = Debug|Any CPU
		{80FD0D07-69E9-47CD-9C9E-0F66FCC3737A}.Release|Any CPU.ActiveCfg = Release|Any CPU
		{80FD0D07-69E9-47CD-9C9E-0F66FCC3737A}.Release|Any CPU.Build.0 = Release|Any CPU
		{DE056518-297C-4C37-8547-6F9420E2F866}.Debug|Any CPU.ActiveCfg = Debug|Any CPU
		{DE056518-297C-4C37-8547-6F9420E2F866}.Debug|Any CPU.Build.0 = Debug|Any CPU
		{DE056518-297C-4C37-8547-6F9420E2F866}.Release|Any CPU.ActiveCfg = Release|Any CPU
		{DE056518-297C-4C37-8547-6F9420E2F866}.Release|Any CPU.Build.0 = Release|Any CPU
		{E12C7245-56BB-46FA-A798-3422325C36E6}.Debug|Any CPU.ActiveCfg = Debug|Any CPU
		{E12C7245-56BB-46FA-A798-3422325C36E6}.Debug|Any CPU.Build.0 = Debug|Any CPU
		{E12C7245-56BB-46FA-A798-3422325C36E6}.Release|Any CPU.ActiveCfg = Release|Any CPU
		{E12C7245-56BB-46FA-A798-3422325C36E6}.Release|Any CPU.Build.0 = Release|Any CPU
		{D5103BF5-64A0-49B5-BF86-F26754BCAA0B}.Debug|Any CPU.ActiveCfg = Debug|Any CPU
		{D5103BF5-64A0-49B5-BF86-F26754BCAA0B}.Debug|Any CPU.Build.0 = Debug|Any CPU
		{D5103BF5-64A0-49B5-BF86-F26754BCAA0B}.Release|Any CPU.ActiveCfg = Release|Any CPU
		{D5103BF5-64A0-49B5-BF86-F26754BCAA0B}.Release|Any CPU.Build.0 = Release|Any CPU
		{F2F7F52B-BE71-41FF-8669-4D114753A5D0}.Debug|Any CPU.ActiveCfg = Debug|Any CPU
		{F2F7F52B-BE71-41FF-8669-4D114753A5D0}.Debug|Any CPU.Build.0 = Debug|Any CPU
		{F2F7F52B-BE71-41FF-8669-4D114753A5D0}.Release|Any CPU.ActiveCfg = Release|Any CPU
		{F2F7F52B-BE71-41FF-8669-4D114753A5D0}.Release|Any CPU.Build.0 = Release|Any CPU
		{D4519ABE-1396-42C2-93F3-D2CFF300B2D3}.Debug|Any CPU.ActiveCfg = Debug|Any CPU
		{D4519ABE-1396-42C2-93F3-D2CFF300B2D3}.Debug|Any CPU.Build.0 = Debug|Any CPU
		{D4519ABE-1396-42C2-93F3-D2CFF300B2D3}.Release|Any CPU.ActiveCfg = Release|Any CPU
		{D4519ABE-1396-42C2-93F3-D2CFF300B2D3}.Release|Any CPU.Build.0 = Release|Any CPU
		{DBE2D836-9C12-415A-8C21-95EEA27560EE}.Debug|Any CPU.ActiveCfg = Debug|Any CPU
		{DBE2D836-9C12-415A-8C21-95EEA27560EE}.Debug|Any CPU.Build.0 = Debug|Any CPU
		{DBE2D836-9C12-415A-8C21-95EEA27560EE}.Release|Any CPU.ActiveCfg = Release|Any CPU
		{DBE2D836-9C12-415A-8C21-95EEA27560EE}.Release|Any CPU.Build.0 = Release|Any CPU
		{5FDADF14-C2DA-45B3-AF5C-60DD05D2A31F}.Debug|Any CPU.ActiveCfg = Debug|Any CPU
		{5FDADF14-C2DA-45B3-AF5C-60DD05D2A31F}.Debug|Any CPU.Build.0 = Debug|Any CPU
		{5FDADF14-C2DA-45B3-AF5C-60DD05D2A31F}.Release|Any CPU.ActiveCfg = Release|Any CPU
		{5FDADF14-C2DA-45B3-AF5C-60DD05D2A31F}.Release|Any CPU.Build.0 = Release|Any CPU
	EndGlobalSection
	GlobalSection(SolutionProperties) = preSolution
		HideSolutionNode = FALSE
	EndGlobalSection
EndGlobal
